schema: '2.0'
stages:
  split:
    cmd: python3 src/data/split_data.py
    deps:
    - path: data/raw_data/raw.csv
      hash: md5
      md5: 617b56af2992376d5c3e91ad80823898
      size: 333757
    - path: src/data/split_data.py
      hash: md5
      md5: 6768cd06ad88bffb053f1b30ca0f93b5
      size: 1097
    outs:
    - path: data/processed_data/X_test.csv
      hash: md5
      md5: ace3de36724488e29be1a15b6ddaefa9
      size: 60151
    - path: data/processed_data/X_train.csv
      hash: md5
      md5: 1d53c949d950d9c05e974df045e50c23
      size: 239404
    - path: data/processed_data/y_test.csv
      hash: md5
      md5: f4af67a3212ab00e1efdd89341223f56
      size: 6473
    - path: data/processed_data/y_train.csv
      hash: md5
      md5: adf073bca29464cdfad732520f736bde
      size: 26009
  normalize:
    cmd: python3 src/data/normalize_data.py
    deps:
    - path: data/processed_data/X_test.csv
      hash: md5
      md5: ace3de36724488e29be1a15b6ddaefa9
      size: 60151
    - path: data/processed_data/X_train.csv
      hash: md5
      md5: 1d53c949d950d9c05e974df045e50c23
      size: 239404
    - path: src/data/normalize_data.py
      hash: md5
      md5: 42164df4b9d73c6aaa2d1c4275e8d7a3
      size: 1263
    outs:
    - path: data/processed_data/X_test_scaled.csv
      hash: md5
      md5: e6ecc20747bef12fd87485ad86ffe375
      size: 57051
    - path: data/processed_data/X_train_scaled.csv
      hash: md5
      md5: 5a53ba4e8232e6b1cd840e260550b65f
      size: 227423
  grid_search:
    cmd: python3 src/models/grid_search.py
    deps:
    - path: data/processed_data/X_train_scaled.csv
      hash: md5
      md5: 5a53ba4e8232e6b1cd840e260550b65f
      size: 227423
    - path: data/processed_data/y_train.csv
      hash: md5
      md5: adf073bca29464cdfad732520f736bde
      size: 26009
    - path: src/models/grid_search.py
      hash: md5
      md5: 93e3114994a7d5656b9b937c47b39c30
      size: 1311
    outs:
    - path: models/best_params.pkl
      hash: md5
      md5: 5a79b0f60b8a4bc6659930d722a3c367
      size: 1967368
  train:
    cmd: python3 src/models/train_model.py
    deps:
    - path: data/processed_data/X_train_scaled.csv
      hash: md5
      md5: 5a53ba4e8232e6b1cd840e260550b65f
      size: 227423
    - path: data/processed_data/y_train.csv
      hash: md5
      md5: adf073bca29464cdfad732520f736bde
      size: 26009
    - path: src/models/train_model.py
      hash: md5
      md5: 7c7a1336542f7ffc827bc4cc792cf4c7
      size: 1012
    outs:
    - path: models/model.pkl
      hash: md5
      md5: 5a79b0f60b8a4bc6659930d722a3c367
      size: 1967368
  evaluate:
    cmd: python3 src/models/evaluate.py
    deps:
    - path: data/processed_data/X_test_scaled.csv
      hash: md5
      md5: e6ecc20747bef12fd87485ad86ffe375
      size: 57051
    - path: models/model.pkl
      hash: md5
      md5: 5a79b0f60b8a4bc6659930d722a3c367
      size: 1967368
    - path: src/models/evaluate.py
      hash: md5
      md5: 6e09d36b157df0d2a42bc693266c8143
      size: 1114
    outs:
    - path: data/predictions.csv
      hash: md5
      md5: 98718dc0e393502ead7a5c1fc4f092b1
      size: 6813
    - path: metrics/scores.json
      hash: md5
      md5: c61731a941b00916770708695d8c397b
      size: 68
